
Microsoft Visual Studio Solution File, Format Version 12.00
# Visual Studio 15
VisualStudioVersion = 15.0.27703.2042
MinimumVisualStudioVersion = 10.0.40219.1
Project("{FAE04EC0-301F-11D3-BF4B-00C04F79EFBC}") = "FakeBirdWatcher", "FakeBirdWatcher\FakeBirdWatcher.csproj", "{527A6BF7-1669-4AD1-A416-3855A5B63690}"
EndProject
Global
	GlobalSection(SolutionConfigurationPlatforms) = preSolution
		Debug|Any CPU = Debug|Any CPU
		Release|Any CPU = Release|Any CPU
	EndGlobalSection
	GlobalSection(ProjectConfigurationPlatforms) = postSolution
		{527A6BF7-1669-4AD1-A416-3855A5B63690}.Debug|Any CPU.ActiveCfg = Debug|Any CPU
		{527A6BF7-1669-4AD1-A416-3855A5B63690}.Debug|Any CPU.Build.0 = Debug|Any CPU
		{527A6BF7-1669-4AD1-A416-3855A5B63690}.Release|Any CPU.ActiveCfg = Release|Any CPU
		{527A6BF7-1669-4AD1-A416-3855A5B63690}.Release|Any CPU.Build.0 = Release|Any CPU
	EndGlobalSection
	GlobalSection(SolutionProperties) = preSolution
		HideSolutionNode = FALSE
	EndGlobalSection
	GlobalSection(ExtensibilityGlobals) = postSolution
		SolutionGuid = {92A69037-C2B8-4428-9DFD-77BD2C325D95}
	EndGlobalSection
EndGlobal
